
Microsoft Visual Studio Solution File, Format Version 12.00
# Visual Studio Version 17
VisualStudioVersion = 17.10.34916.146
MinimumVisualStudioVersion = 10.0.40219.1
Project("{9A19103F-16F7-4668-BE54-9A1E7A4F7556}") = "API", "API\API.csproj", "{77A7A917-3D31-4570-948F-FE3247BDF384}"
EndProject
Project("{9A19103F-16F7-4668-BE54-9A1E7A4F7556}") = "WEB", "WEB\WEB.csproj", "{06E4504E-FB95-418F-89C7-DDC9C3F94AC8}"
EndProject
Project("{9A19103F-16F7-4668-BE54-9A1E7A4F7556}") = "DBL", "DBL\DBL.csproj", "{FC9D02AC-ACCB-493C-8584-BC48B02B66DC}"
EndProject
Project("{9A19103F-16F7-4668-BE54-9A1E7A4F7556}") = "Blog", "Blog\Blog.csproj", "{3B94BA79-962C-4CD5-A4D2-E866DD5E809F}"
EndProject
Project("{9A19103F-16F7-4668-BE54-9A1E7A4F7556}") = "Jobs", "Jobs\Jobs.csproj", "{18E8E3FA-5DB1-439C-BB34-D1D899FB45F9}"
EndProject
Project("{9A19103F-16F7-4668-BE54-9A1E7A4F7556}") = "Ecommerce", "Ecommerce\Ecommerce.csproj", "{208D16E6-FFDD-4B29-BA07-056A2BE32991}"
EndProject
Project("{9A19103F-16F7-4668-BE54-9A1E7A4F7556}") = "Maqaoplusweb", "Maqaoplusweb\Maqaoplusweb.csproj", "{4CDF0F62-8D1B-4682-86DC-2BFDF035CF11}"
EndProject
Project("{00D1A9C2-B5F0-4AF3-8072-F6C62B433612}") = "Uttambsolutionsdatabase", "Uttambsolutionsdatabase\Uttambsolutionsdatabase.sqlproj", "{96EB7C88-75A9-4AB5-A743-ACA74253A9EA}"
EndProject
Project("{9A19103F-16F7-4668-BE54-9A1E7A4F7556}") = "Maqaoplus", "Maqaoplus\Maqaoplus.csproj", "{CE695986-0B97-4BC1-926F-7C69472017C7}"
EndProject
Project("{9A19103F-16F7-4668-BE54-9A1E7A4F7556}") = "Parceldrop", "Parceldrop\Parceldrop.csproj", "{F2CCF71A-7149-471F-B9E4-4FFDEA5202B0}"
EndProject
Project("{9A19103F-16F7-4668-BE54-9A1E7A4F7556}") = "Parceldropweb", "Parceldropweb\Parceldropweb.csproj", "{8EC5E128-6AF0-4874-AFEB-E368164A0315}"
EndProject
Project("{FAE04EC0-301F-11D3-BF4B-00C04F79EFBC}") = "Sleeqcarhire", "Sleeqcarhire\Sleeqcarhire.csproj", "{FADAA40C-3FF8-4050-93D4-4022A7387108}"
EndProject
Project("{FAE04EC0-301F-11D3-BF4B-00C04F79EFBC}") = "Esacco", "Esacco\Esacco.csproj", "{40A65044-4DC3-4314-829A-C9F5DBA633A5}"
EndProject
Global
	GlobalSection(SolutionConfigurationPlatforms) = preSolution
		Debug|Any CPU = Debug|Any CPU
		Release|Any CPU = Release|Any CPU
	EndGlobalSection
	GlobalSection(ProjectConfigurationPlatforms) = postSolution
		{77A7A917-3D31-4570-948F-FE3247BDF384}.Debug|Any CPU.ActiveCfg = Debug|Any CPU
		{77A7A917-3D31-4570-948F-FE3247BDF384}.Debug|Any CPU.Build.0 = Debug|Any CPU
		{77A7A917-3D31-4570-948F-FE3247BDF384}.Release|Any CPU.ActiveCfg = Release|Any CPU
		{77A7A917-3D31-4570-948F-FE3247BDF384}.Release|Any CPU.Build.0 = Release|Any CPU
		{06E4504E-FB95-418F-89C7-DDC9C3F94AC8}.Debug|Any CPU.ActiveCfg = Debug|Any CPU
		{06E4504E-FB95-418F-89C7-DDC9C3F94AC8}.Debug|Any CPU.Build.0 = Debug|Any CPU
		{06E4504E-FB95-418F-89C7-DDC9C3F94AC8}.Release|Any CPU.ActiveCfg = Release|Any CPU
		{06E4504E-FB95-418F-89C7-DDC9C3F94AC8}.Release|Any CPU.Build.0 = Release|Any CPU
		{FC9D02AC-ACCB-493C-8584-BC48B02B66DC}.Debug|Any CPU.ActiveCfg = Debug|Any CPU
		{FC9D02AC-ACCB-493C-8584-BC48B02B66DC}.Debug|Any CPU.Build.0 = Debug|Any CPU
		{FC9D02AC-ACCB-493C-8584-BC48B02B66DC}.Release|Any CPU.ActiveCfg = Release|Any CPU
		{FC9D02AC-ACCB-493C-8584-BC48B02B66DC}.Release|Any CPU.Build.0 = Release|Any CPU
		{3B94BA79-962C-4CD5-A4D2-E866DD5E809F}.Debug|Any CPU.ActiveCfg = Debug|Any CPU
		{3B94BA79-962C-4CD5-A4D2-E866DD5E809F}.Debug|Any CPU.Build.0 = Debug|Any CPU
		{3B94BA79-962C-4CD5-A4D2-E866DD5E809F}.Release|Any CPU.ActiveCfg = Release|Any CPU
		{3B94BA79-962C-4CD5-A4D2-E866DD5E809F}.Release|Any CPU.Build.0 = Release|Any CPU
		{18E8E3FA-5DB1-439C-BB34-D1D899FB45F9}.Debug|Any CPU.ActiveCfg = Debug|Any CPU
		{18E8E3FA-5DB1-439C-BB34-D1D899FB45F9}.Debug|Any CPU.Build.0 = Debug|Any CPU
		{18E8E3FA-5DB1-439C-BB34-D1D899FB45F9}.Release|Any CPU.ActiveCfg = Release|Any CPU
		{18E8E3FA-5DB1-439C-BB34-D1D899FB45F9}.Release|Any CPU.Build.0 = Release|Any CPU
		{208D16E6-FFDD-4B29-BA07-056A2BE32991}.Debug|Any CPU.ActiveCfg = Debug|Any CPU
		{208D16E6-FFDD-4B29-BA07-056A2BE32991}.Debug|Any CPU.Build.0 = Debug|Any CPU
		{208D16E6-FFDD-4B29-BA07-056A2BE32991}.Release|Any CPU.ActiveCfg = Release|Any CPU
		{208D16E6-FFDD-4B29-BA07-056A2BE32991}.Release|Any CPU.Build.0 = Release|Any CPU
		{4CDF0F62-8D1B-4682-86DC-2BFDF035CF11}.Debug|Any CPU.ActiveCfg = Debug|Any CPU
		{4CDF0F62-8D1B-4682-86DC-2BFDF035CF11}.Debug|Any CPU.Build.0 = Debug|Any CPU
		{4CDF0F62-8D1B-4682-86DC-2BFDF035CF11}.Release|Any CPU.ActiveCfg = Release|Any CPU
		{4CDF0F62-8D1B-4682-86DC-2BFDF035CF11}.Release|Any CPU.Build.0 = Release|Any CPU
		{96EB7C88-75A9-4AB5-A743-ACA74253A9EA}.Debug|Any CPU.ActiveCfg = Debug|Any CPU
		{96EB7C88-75A9-4AB5-A743-ACA74253A9EA}.Debug|Any CPU.Build.0 = Debug|Any CPU
		{96EB7C88-75A9-4AB5-A743-ACA74253A9EA}.Debug|Any CPU.Deploy.0 = Debug|Any CPU
		{96EB7C88-75A9-4AB5-A743-ACA74253A9EA}.Release|Any CPU.ActiveCfg = Release|Any CPU
		{96EB7C88-75A9-4AB5-A743-ACA74253A9EA}.Release|Any CPU.Build.0 = Release|Any CPU
		{96EB7C88-75A9-4AB5-A743-ACA74253A9EA}.Release|Any CPU.Deploy.0 = Release|Any CPU
		{CE695986-0B97-4BC1-926F-7C69472017C7}.Debug|Any CPU.ActiveCfg = Debug|Any CPU
		{CE695986-0B97-4BC1-926F-7C69472017C7}.Debug|Any CPU.Build.0 = Debug|Any CPU
		{CE695986-0B97-4BC1-926F-7C69472017C7}.Debug|Any CPU.Deploy.0 = Debug|Any CPU
		{CE695986-0B97-4BC1-926F-7C69472017C7}.Release|Any CPU.ActiveCfg = Release|Any CPU
		{CE695986-0B97-4BC1-926F-7C69472017C7}.Release|Any CPU.Build.0 = Release|Any CPU
		{CE695986-0B97-4BC1-926F-7C69472017C7}.Release|Any CPU.Deploy.0 = Release|Any CPU
		{F2CCF71A-7149-471F-B9E4-4FFDEA5202B0}.Debug|Any CPU.ActiveCfg = Debug|Any CPU
		{F2CCF71A-7149-471F-B9E4-4FFDEA5202B0}.Debug|Any CPU.Build.0 = Debug|Any CPU
		{F2CCF71A-7149-471F-B9E4-4FFDEA5202B0}.Debug|Any CPU.Deploy.0 = Debug|Any CPU
		{F2CCF71A-7149-471F-B9E4-4FFDEA5202B0}.Release|Any CPU.ActiveCfg = Release|Any CPU
		{F2CCF71A-7149-471F-B9E4-4FFDEA5202B0}.Release|Any CPU.Build.0 = Release|Any CPU
		{F2CCF71A-7149-471F-B9E4-4FFDEA5202B0}.Release|Any CPU.Deploy.0 = Release|Any CPU
		{8EC5E128-6AF0-4874-AFEB-E368164A0315}.Debug|Any CPU.ActiveCfg = Debug|Any CPU
		{8EC5E128-6AF0-4874-AFEB-E368164A0315}.Debug|Any CPU.Build.0 = Debug|Any CPU
		{8EC5E128-6AF0-4874-AFEB-E368164A0315}.Release|Any CPU.ActiveCfg = Release|Any CPU
		{8EC5E128-6AF0-4874-AFEB-E368164A0315}.Release|Any CPU.Build.0 = Release|Any CPU
		{FADAA40C-3FF8-4050-93D4-4022A7387108}.Debug|Any CPU.ActiveCfg = Debug|Any CPU
		{FADAA40C-3FF8-4050-93D4-4022A7387108}.Debug|Any CPU.Build.0 = Debug|Any CPU
		{FADAA40C-3FF8-4050-93D4-4022A7387108}.Release|Any CPU.ActiveCfg = Release|Any CPU
		{FADAA40C-3FF8-4050-93D4-4022A7387108}.Release|Any CPU.Build.0 = Release|Any CPU
		{40A65044-4DC3-4314-829A-C9F5DBA633A5}.Debug|Any CPU.ActiveCfg = Debug|Any CPU
		{40A65044-4DC3-4314-829A-C9F5DBA633A5}.Debug|Any CPU.Build.0 = Debug|Any CPU
		{40A65044-4DC3-4314-829A-C9F5DBA633A5}.Debug|Any CPU.Deploy.0 = Debug|Any CPU
		{40A65044-4DC3-4314-829A-C9F5DBA633A5}.Release|Any CPU.ActiveCfg = Release|Any CPU
		{40A65044-4DC3-4314-829A-C9F5DBA633A5}.Release|Any CPU.Build.0 = Release|Any CPU
		{40A65044-4DC3-4314-829A-C9F5DBA633A5}.Release|Any CPU.Deploy.0 = Release|Any CPU
	EndGlobalSection
	GlobalSection(SolutionProperties) = preSolution
		HideSolutionNode = FALSE
	EndGlobalSection
	GlobalSection(ExtensibilityGlobals) = postSolution
		SolutionGuid = {C7CC678B-893F-4F78-8A1B-43D213AD0B19}
	EndGlobalSection
EndGlobal
